
Microsoft Visual Studio Solution File, Format Version 12.00
# Visual Studio 2013
VisualStudioVersion = 12.0.31101.0
MinimumVisualStudioVersion = 10.0.40219.1
Project("{FAE04EC0-301F-11D3-BF4B-00C04F79EFBC}") = "AngularWithMvcProject_API", "AngularWithMvcProject_API\AngularWithMvcProject_API.csproj", "{ADBFFFDD-5597-4768-B8F0-183A5951530C}"
EndProject
Project("{FAE04EC0-301F-11D3-BF4B-00C04F79EFBC}") = "AngularWithMvcProduct_Web", "AngularWithMvcProduct_Web\AngularWithMvcProduct_Web.csproj", "{2A38C4ED-E72B-4877-AF09-A80A6931F233}"
EndProject
Global
	GlobalSection(SolutionConfigurationPlatforms) = preSolution
		Debug|Any CPU = Debug|Any CPU
		Release|Any CPU = Release|Any CPU
	EndGlobalSection
	GlobalSection(ProjectConfigurationPlatforms) = postSolution
		{ADBFFFDD-5597-4768-B8F0-183A5951530C}.Debug|Any CPU.ActiveCfg = Debug|Any CPU
		{ADBFFFDD-5597-4768-B8F0-183A5951530C}.Debug|Any CPU.Build.0 = Debug|Any CPU
		{ADBFFFDD-5597-4768-B8F0-183A5951530C}.Release|Any CPU.ActiveCfg = Release|Any CPU
		{ADBFFFDD-5597-4768-B8F0-183A5951530C}.Release|Any CPU.Build.0 = Release|Any CPU
		{2A38C4ED-E72B-4877-AF09-A80A6931F233}.Debug|Any CPU.ActiveCfg = Debug|Any CPU
		{2A38C4ED-E72B-4877-AF09-A80A6931F233}.Debug|Any CPU.Build.0 = Debug|Any CPU
		{2A38C4ED-E72B-4877-AF09-A80A6931F233}.Release|Any CPU.ActiveCfg = Release|Any CPU
		{2A38C4ED-E72B-4877-AF09-A80A6931F233}.Release|Any CPU.Build.0 = Release|Any CPU
	EndGlobalSection
	GlobalSection(SolutionProperties) = preSolution
		HideSolutionNode = FALSE
	EndGlobalSection
EndGlobal
